
Microsoft Visual Studio Solution File, Format Version 12.00
# Visual Studio Version 17
VisualStudioVersion = 17.6.33815.320
MinimumVisualStudioVersion = 10.0.40219.1
Project("{FAE04EC0-301F-11D3-BF4B-00C04F79EFBC}") = "CorpLink", "CorpLink.csproj", "{53297DD7-9590-4384-8C40-55C5E10054D1}"
EndProject
Global
	GlobalSection(SolutionConfigurationPlatforms) = preSolution
		Debug|Any CPU = Debug|Any CPU
		Release|Any CPU = Release|Any CPU
	EndGlobalSection
	GlobalSection(ProjectConfigurationPlatforms) = postSolution
		{53297DD7-9590-4384-8C40-55C5E10054D1}.Debug|Any CPU.ActiveCfg = Debug|Any CPU
		{53297DD7-9590-4384-8C40-55C5E10054D1}.Debug|Any CPU.Build.0 = Debug|Any CPU
		{53297DD7-9590-4384-8C40-55C5E10054D1}.Release|Any CPU.ActiveCfg = Release|Any CPU
		{53297DD7-9590-4384-8C40-55C5E10054D1}.Release|Any CPU.Build.0 = Release|Any CPU
	EndGlobalSection
	GlobalSection(SolutionProperties) = preSolution
		HideSolutionNode = FALSE
	EndGlobalSection
	GlobalSection(ExtensibilityGlobals) = postSolution
		SolutionGuid = {B770B727-2611-4655-8CE6-7AA01EEC5E78}
	EndGlobalSection
EndGlobal
